
Microsoft Visual Studio Solution File, Format Version 12.00
# Visual Studio Version 16
VisualStudioVersion = 16.0.31624.102
MinimumVisualStudioVersion = 10.0.40219.1
Project("{FAE04EC0-301F-11D3-BF4B-00C04F79EFBC}") = "Ordem de Serviço", "Ordem de Serviço\Ordem de Serviço.csproj", "{5CF2DD68-37EA-49A7-BD98-9E6111D369F3}"
EndProject
Global
	GlobalSection(SolutionConfigurationPlatforms) = preSolution
		Debug|Any CPU = Debug|Any CPU
		Release|Any CPU = Release|Any CPU
	EndGlobalSection
	GlobalSection(ProjectConfigurationPlatforms) = postSolution
		{5CF2DD68-37EA-49A7-BD98-9E6111D369F3}.Debug|Any CPU.ActiveCfg = Debug|Any CPU
		{5CF2DD68-37EA-49A7-BD98-9E6111D369F3}.Debug|Any CPU.Build.0 = Debug|Any CPU
		{5CF2DD68-37EA-49A7-BD98-9E6111D369F3}.Release|Any CPU.ActiveCfg = Release|Any CPU
		{5CF2DD68-37EA-49A7-BD98-9E6111D369F3}.Release|Any CPU.Build.0 = Release|Any CPU
	EndGlobalSection
	GlobalSection(SolutionProperties) = preSolution
		HideSolutionNode = FALSE
	EndGlobalSection
	GlobalSection(ExtensibilityGlobals) = postSolution
		SolutionGuid = {14BC357B-85B8-423A-8337-1C5F07ADC402}
	EndGlobalSection
EndGlobal
